
Microsoft Visual Studio Solution File, Format Version 12.00
# Visual Studio 15
VisualStudioVersion = 15.0.28307.572
MinimumVisualStudioVersion = 10.0.40219.1
Project("{FAE04EC0-301F-11D3-BF4B-00C04F79EFBC}") = "Server", "Server\Server.csproj", "{CD709356-73DA-44BE-9F64-E51ED26F4CC6}"
EndProject
Global
	GlobalSection(SolutionConfigurationPlatforms) = preSolution
		Debug|Any CPU = Debug|Any CPU
		Release|Any CPU = Release|Any CPU
	EndGlobalSection
	GlobalSection(ProjectConfigurationPlatforms) = postSolution
		{CD709356-73DA-44BE-9F64-E51ED26F4CC6}.Debug|Any CPU.ActiveCfg = Debug|Any CPU
		{CD709356-73DA-44BE-9F64-E51ED26F4CC6}.Debug|Any CPU.Build.0 = Debug|Any CPU
		{CD709356-73DA-44BE-9F64-E51ED26F4CC6}.Release|Any CPU.ActiveCfg = Release|Any CPU
		{CD709356-73DA-44BE-9F64-E51ED26F4CC6}.Release|Any CPU.Build.0 = Release|Any CPU
	EndGlobalSection
	GlobalSection(SolutionProperties) = preSolution
		HideSolutionNode = FALSE
	EndGlobalSection
	GlobalSection(ExtensibilityGlobals) = postSolution
		SolutionGuid = {D26FC9DF-6255-4BA5-93F7-F4728189135B}
	EndGlobalSection
EndGlobal
